// !$*UTF8*$!
{
	archiveVersion = 1;
	classes = {
	};
	objectVersion = 50;
	objects = {

/* Begin PBXBuildFile section */
		3052FBD8270BA1D500A5FBDA /* AppDelegate.swift in Sources */ = {isa = PBXBuildFile; fileRef = 3052FBD7270BA1D500A5FBDA /* AppDelegate.swift */; };
		3052FBDA270BA1D500A5FBDA /* SceneDelegate.swift in Sources */ = {isa = PBXBuildFile; fileRef = 3052FBD9270BA1D500A5FBDA /* SceneDelegate.swift */; };
		3052FBDC270BA1D500A5FBDA /* ViewController.swift in Sources */ = {isa = PBXBuildFile; fileRef = 3052FBDB270BA1D500A5FBDA /* ViewController.swift */; };
		3052FBDF270BA1D500A5FBDA /* Main.storyboard in Resources */ = {isa = PBXBuildFile; fileRef = 3052FBDD270BA1D500A5FBDA /* Main.storyboard */; };
		3052FBE1270BA1D600A5FBDA /* Assets.xcassets in Resources */ = {isa = PBXBuildFile; fileRef = 3052FBE0270BA1D600A5FBDA /* Assets.xcassets */; };
		3052FBE4270BA1D600A5FBDA /* LaunchScreen.storyboard in Resources */ = {isa = PBXBuildFile; fileRef = 3052FBE2270BA1D600A5FBDA /* LaunchScreen.storyboard */; };
		30FE7E20270CF86B00AAEA28 /* SecondViewController.swift in Sources */ = {isa = PBXBuildFile; fileRef = 30FE7E1F270CF86B00AAEA28 /* SecondViewController.swift */; };
		30FE7E22270CF93600AAEA28 /* ThirdViewController.swift in Sources */ = {isa = PBXBuildFile; fileRef = 30FE7E21270CF93600AAEA28 /* ThirdViewController.swift */; };
/* End PBXBuildFile section */

/* Begin PBXFileReference section */
		3052FBD4270BA1D500A5FBDA /* 3ViewName.app */ = {isa = PBXFileReference; explicitFileType = wrapper.application; includeInIndex = 0; path = 3ViewName.app; sourceTree = BUILT_PRODUCTS_DIR; };
		3052FBD7270BA1D500A5FBDA /* AppDelegate.swift */ = {isa = PBXFileReference; lastKnownFileType = sourcecode.swift; path = AppDelegate.swift; sourceTree = "<group>"; };
		3052FBD9270BA1D500A5FBDA /* SceneDelegate.swift */ = {isa = PBXFileReference; lastKnownFileType = sourcecode.swift; path = SceneDelegate.swift; sourceTree = "<group>"; };
		3052FBDB270BA1D500A5FBDA /* ViewController.swift */ = {isa = PBXFileReference; lastKnownFileType = sourcecode.swift; path = ViewController.swift; sourceTree = "<group>"; };
		3052FBDE270BA1D500A5FBDA /* Base */ = {isa = PBXFileReference; lastKnownFileType = file.storyboard; name = Base; path = Base.lproj/Main.storyboard; sourceTree = "<group>"; };
		3052FBE0270BA1D600A5FBDA /* Assets.xcassets */ = {isa = PBXFileReference; lastKnownFileType = folder.assetcatalog; path = Assets.xcassets; sourceTree = "<group>"; };
		3052FBE3270BA1D600A5FBDA /* Base */ = {isa = PBXFileReference; lastKnownFileType = file.storyboard; name = Base; path = Base.lproj/LaunchScreen.storyboard; sourceTree = "<group>"; };
		3052FBE5270BA1D600A5FBDA /* Info.plist */ = {isa = PBXFileReference; lastKnownFileType = text.plist.xml; path = Info.plist; sourceTree = "<group>"; };
		30FE7E1F270CF86B00AAEA28 /* SecondViewController.swift */ = {isa = PBXFileReference; lastKnownFileType = sourcecode.swift; path = SecondViewController.swift; sourceTree = "<group>"; };
		30FE7E21270CF93600AAEA28 /* ThirdViewController.swift */ = {isa = PBXFileReference; lastKnownFileType = sourcecode.swift; path = ThirdViewController.swift; sourceTree = "<group>"; };
/* End PBXFileReference section */

/* Begin PBXFrameworksBuildPhase section */
		3052FBD1270BA1D500A5FBDA /* Frameworks */ = {
			isa = PBXFrameworksBuildPhase;
			buildActionMask = 2147483647;
			files = (
			);
			runOnlyForDeploymentPostprocessing = 0;
		};
/* End PBXFrameworksBuildPhase section */

/* Begin PBXGroup section */
		3052FBCB270BA1D500A5FBDA = {
			isa = PBXGroup;
			children = (
				3052FBD6270BA1D500A5FBDA /* 3ViewName */,
				3052FBD5270BA1D500A5FBDA /* Products */,
			);
			sourceTree = "<group>";
		};
		3052FBD5270BA1D500A5FBDA /* Products */ = {
			isa = PBXGroup;
			children = (
				3052FBD4270BA1D500A5FBDA /* 3ViewName.app */,
			);
			name = Products;
			sourceTree = "<group>";
		};
		3052FBD6270BA1D500A5FBDA /* 3ViewName */ = {
			isa = PBXGroup;
			children = (
				3052FBD7270BA1D500A5FBDA /* AppDelegate.swift */,
				3052FBD9270BA1D500A5FBDA /* SceneDelegate.swift */,
				30FE7E21270CF93600AAEA28 /* ThirdViewController.swift */,
				30FE7E1F270CF86B00AAEA28 /* SecondViewController.swift */,
				3052FBDB270BA1D500A5FBDA /* ViewController.swift */,
				3052FBDD270BA1D500A5FBDA /* Main.storyboard */,
				3052FBE0270BA1D600A5FBDA /* Assets.xcassets */,
				3052FBE2270BA1D600A5FBDA /* LaunchScreen.storyboard */,
				3052FBE5270BA1D600A5FBDA /* Info.plist */,
			);
			path = 3ViewName;
			sourceTree = "<group>";
		};
/* End PBXGroup section */

/* Begin PBXNativeTarget section */
		3052FBD3270BA1D500A5FBDA /* 3ViewName */ = {
			isa = PBXNativeTarget;
			buildConfigurationList = 3052FBE8270BA1D600A5FBDA /* Build configuration list for PBXNativeTarget "3ViewName" */;
			buildPhases = (
				3052FBD0270BA1D500A5FBDA /* Sources */,
				3052FBD1270BA1D500A5FBDA /* Frameworks */,
				3052FBD2270BA1D500A5FBDA /* Resources */,
			);
			buildRules = (
			);
			dependencies = (
			);
			name = 3ViewName;
			productName = 3ViewName;
			productReference = 3052FBD4270BA1D500A5FBDA /* 3ViewName.app */;
			productType = "com.apple.product-type.application";
		};
/* End PBXNativeTarget section */

/* Begin PBXProject section */
		3052FBCC270BA1D500A5FBDA /* Project object */ = {
			isa = PBXProject;
			attributes = {
				LastSwiftUpdateCheck = 1250;
				LastUpgradeCheck = 1250;
				TargetAttributes = {
					3052FBD3270BA1D500A5FBDA = {
						CreatedOnToolsVersion = 12.5.1;
					};
				};
			};
			buildConfigurationList = 3052FBCF270BA1D500A5FBDA /* Build configuration list for PBXProject "3ViewName" */;
			compatibilityVersion = "Xcode 9.3";
			developmentRegion = en;
			hasScannedForEncodings = 0;
			knownRegions = (
				en,
				Base,
			);
			mainGroup = 3052FBCB270BA1D500A5FBDA;
			productRefGroup = 3052FBD5270BA1D500A5FBDA /* Products */;
			projectDirPath = "";
			projectRoot = "";
			targets = (
				3052FBD3270BA1D500A5FBDA /* 3ViewName */,
			);
		};
/* End PBXProject section */

/* Begin PBXResourcesBuildPhase section */
		3052FBD2270BA1D500A5FBDA /* Resources */ = {
			isa = PBXResourcesBuildPhase;
			buildActionMask = 2147483647;
			files = (
				3052FBE4270BA1D600A5FBDA /* LaunchScreen.storyboard in Resources */,
				3052FBE1270BA1D600A5FBDA /* Assets.xcassets in Resources */,
				3052FBDF270BA1D500A5FBDA /* Main.storyboard in Resources */,
			);
			runOnlyForDeploymentPostprocessing = 0;
		};
/* End PBXResourcesBuildPhase section */

/* Begin PBXSourcesBuildPhase section */
		3052FBD0270BA1D500A5FBDA /* Sources */ = {
			isa = PBXSourcesBuildPhase;
			buildActionMask = 2147483647;
			files = (
				30FE7E20270CF86B00AAEA28 /* SecondViewController.swift in Sources */,
				3052FBDC270BA1D500A5FBDA /* ViewController.swift in Sources */,
				30FE7E22270CF93600AAEA28 /* ThirdViewController.swift in Sources */,
				3052FBD8270BA1D500A5FBDA /* AppDelegate.swift in Sources */,
				3052FBDA270BA1D500A5FBDA /* SceneDelegate.swift in Sources */,
			);
			runOnlyForDeploymentPostprocessing = 0;
		};
/* End PBXSourcesBuildPhase section */

/* Begin PBXVariantGroup section */
		3052FBDD270BA1D500A5FBDA /* Main.storyboard */ = {
			isa = PBXVariantGroup;
			children = (
				3052FBDE270BA1D500A5FBDA /* Base */,
			);
			name = Main.storyboard;
			sourceTree = "<group>";
		};
		3052FBE2270BA1D600A5FBDA /* LaunchScreen.storyboard */ = {
			isa = PBXVariantGroup;
			children = (
				3052FBE3270BA1D600A5FBDA /* Base */,
			);
			name = LaunchScreen.storyboard;
			sourceTree = "<group>";
		};
/* End PBXVariantGroup section */

/* Begin XCBuildConfiguration section */
		3052FBE6270BA1D600A5FBDA /* Debug */ = {
			isa = XCBuildConfiguration;
			buildSettings = {
				ALWAYS_SEARCH_USER_PATHS = NO;
				CLANG_ANALYZER_NONNULL = YES;
				CLANG_ANALYZER_NUMBER_OBJECT_CONVERSION = YES_AGGRESSIVE;
				CLANG_CXX_LANGUAGE_STANDARD = "gnu++14";
				CLANG_CXX_LIBRARY = "libc++";
				CLANG_ENABLE_MODULES = YES;
				CLANG_ENABLE_OBJC_ARC = YES;
				CLANG_ENABLE_OBJC_WEAK = YES;
				CLANG_WARN_BLOCK_CAPTURE_AUTORELEASING = YES;
				CLANG_WARN_BOOL_CONVERSION = YES;
				CLANG_WARN_COMMA = YES;
				CLANG_WARN_CONSTANT_CONVERSION = YES;
				CLANG_WARN_DEPRECATED_OBJC_IMPLEMENTATIONS = YES;
				CLANG_WARN_DIRECT_OBJC_ISA_USAGE = YES_ERROR;
				CLANG_WARN_DOCUMENTATION_COMMENTS = YES;
				CLANG_WARN_EMPTY_BODY = YES;
				CLANG_WARN_ENUM_CONVERSION = YES;
				CLANG_WARN_INFINITE_RECURSION = YES;
				CLANG_WARN_INT_CONVERSION = YES;
				CLANG_WARN_NON_LITERAL_NULL_CONVERSION = YES;
				CLANG_WARN_OBJC_IMPLICIT_RETAIN_SELF = YES;
				CLANG_WARN_OBJC_LITERAL_CONVERSION = YES;
				CLANG_WARN_OBJC_ROOT_CLASS = YES_ERROR;
				CLANG_WARN_QUOTED_INCLUDE_IN_FRAMEWORK_HEADER = YES;
				CLANG_WARN_RANGE_LOOP_ANALYSIS = YES;
				CLANG_WARN_STRICT_PROTOTYPES = YES;
				CLANG_WARN_SUSPICIOUS_MOVE = YES;
				CLANG_WARN_UNGUARDED_AVAILABILITY = YES_AGGRESSIVE;
				CLANG_WARN_UNREACHABLE_CODE = YES;
				CLANG_WARN__DUPLICATE_METHOD_MATCH = YES;
				COPY_PHASE_STRIP = NO;
				DEBUG_INFORMATION_FORMAT = dwarf;
				ENABLE_STRICT_OBJC_MSGSEND = YES;
				ENABLE_TESTABILITY = YES;
				GCC_C_LANGUAGE_STANDARD = gnu11;
				GCC_DYNAMIC_NO_PIC = NO;
				GCC_NO_COMMON_BLOCKS = YES;
				GCC_OPTIMIZATION_LEVEL = 0;
				GCC_PREPROCESSOR_DEFINITIONS = (
					"DEBUG=1",
					"$(inherited)",
				);
				GCC_WARN_64_TO_32_BIT_CONVERSION = YES;
				GCC_WARN_ABOUT_RETURN_TYPE = YES_ERROR;
				GCC_WARN_UNDECLARED_SELECTOR = YES;
				GCC_WARN_UNINITIALIZED_AUTOS = YES_AGGRESSIVE;
				GCC_WARN_UNUSED_FUNCTION = YES;
				GCC_WARN_UNUSED_VARIABLE = YES;
				IPHONEOS_DEPLOYMENT_TARGET = 14.5;
				MTL_ENABLE_DEBUG_INFO = INCLUDE_SOURCE;
				MTL_FAST_MATH = YES;
				ONLY_ACTIVE_ARCH = YES;
				SDKROOT = iphoneos;
				SWIFT_ACTIVE_COMPILATION_CONDITIONS = DEBUG;
				SWIFT_OPTIMIZATION_LEVEL = "-Onone";
			};
			name = Debug;
		};
		3052FBE7270BA1D600A5FBDA /* Release */ = {
			isa = XCBuildConfiguration;
			buildSettings = {
				ALWAYS_SEARCH_USER_PATHS = NO;
				CLANG_ANALYZER_NONNULL = YES;
				CLANG_ANALYZER_NUMBER_OBJECT_CONVERSION = YES_AGGRESSIVE;
				CLANG_CXX_LANGUAGE_STANDARD = "gnu++14";
				CLANG_CXX_LIBRARY = "libc++";
				CLANG_ENABLE_MODULES = YES;
				CLANG_ENABLE_OBJC_ARC = YES;
				CLANG_ENABLE_OBJC_WEAK = YES;
				CLANG_WARN_BLOCK_CAPTURE_AUTORELEASING = YES;
				CLANG_WARN_BOOL_CONVERSION = YES;
				CLANG_WARN_COMMA = YES;
				CLANG_WARN_CONSTANT_CONVERSION = YES;
				CLANG_WARN_DEPRECATED_OBJC_IMPLEMENTATIONS = YES;
				CLANG_WARN_DIRECT_OBJC_ISA_USAGE = YES_ERROR;
				CLANG_WARN_DOCUMENTATION_COMMENTS = YES;
				CLANG_WARN_EMPTY_BODY = YES;
				CLANG_WARN_ENUM_CONVERSION = YES;
				CLANG_WARN_INFINITE_RECURSION = YES;
				CLANG_WARN_INT_CONVERSION = YES;
				CLANG_WARN_NON_LITERAL_NULL_CONVERSION = YES;
				CLANG_WARN_OBJC_IMPLICIT_RETAIN_SELF = YES;
				CLANG_WARN_OBJC_LITERAL_CONVERSION = YES;
				CLANG_WARN_OBJC_ROOT_CLASS = YES_ERROR;
				CLANG_WARN_QUOTED_INCLUDE_IN_FRAMEWORK_HEADER = YES;
				CLANG_WARN_RANGE_LOOP_ANALYSIS = YES;
				CLANG_WARN_STRICT_PROTOTYPES = YES;
				CLANG_WARN_SUSPICIOUS_MOVE = YES;
				CLANG_WARN_UNGUARDED_AVAILABILITY = YES_AGGRESSIVE;
				CLANG_WARN_UNREACHABLE_CODE = YES;
				CLANG_WARN__DUPLICATE_METHOD_MATCH = YES;
				COPY_PHASE_STRIP = NO;
				DEBUG_INFORMATION_FORMAT = "dwarf-with-dsym";
				ENABLE_NS_ASSERTIONS = NO;
				ENABLE_STRICT_OBJC_MSGSEND = YES;
				GCC_C_LANGUAGE_STANDARD = gnu11;
				GCC_NO_COMMON_BLOCKS = YES;
				GCC_WARN_64_TO_32_BIT_CONVERSION = YES;
				GCC_WARN_ABOUT_RETURN_TYPE = YES_ERROR;
				GCC_WARN_UNDECLARED_SELECTOR = YES;
				GCC_WARN_UNINITIALIZED_AUTOS = YES_AGGRESSIVE;
				GCC_WARN_UNUSED_FUNCTION = YES;
				GCC_WARN_UNUSED_VARIABLE = YES;
				IPHONEOS_DEPLOYMENT_TARGET = 14.5;
				MTL_ENABLE_DEBUG_INFO = NO;
				MTL_FAST_MATH = YES;
				SDKROOT = iphoneos;
				SWIFT_COMPILATION_MODE = wholemodule;
				SWIFT_OPTIMIZATION_LEVEL = "-O";
				VALIDATE_PRODUCT = YES;
			};
			name = Release;
		};
		3052FBE9270BA1D600A5FBDA /* Debug */ = {
			isa = XCBuildConfiguration;
			buildSettings = {
				ASSETCATALOG_COMPILER_APPICON_NAME = AppIcon;
				ASSETCATALOG_COMPILER_GLOBAL_ACCENT_COLOR_NAME = AccentColor;
				CODE_SIGN_STYLE = Automatic;
				INFOPLIST_FILE = 3ViewName/Info.plist;
				LD_RUNPATH_SEARCH_PATHS = (
					"$(inherited)",
					"@executable_path/Frameworks",
				);
				PRODUCT_BUNDLE_IDENTIFIER = "iijijij.-ViewName";
				PRODUCT_NAME = "$(TARGET_NAME)";
				SWIFT_VERSION = 5.0;
				TARGETED_DEVICE_FAMILY = "1,2";
			};
			name = Debug;
		};
		3052FBEA270BA1D600A5FBDA /* Release */ = {
			isa = XCBuildConfiguration;
			buildSettings = {
				ASSETCATALOG_COMPILER_APPICON_NAME = AppIcon;
				ASSETCATALOG_COMPILER_GLOBAL_ACCENT_COLOR_NAME = AccentColor;
				CODE_SIGN_STYLE = Automatic;
				INFOPLIST_FILE = 3ViewName/Info.plist;
				LD_RUNPATH_SEARCH_PATHS = (
					"$(inherited)",
					"@executable_path/Frameworks",
				);
				PRODUCT_BUNDLE_IDENTIFIER = "iijijij.-ViewName";
				PRODUCT_NAME = "$(TARGET_NAME)";
				SWIFT_VERSION = 5.0;
				TARGETED_DEVICE_FAMILY = "1,2";
			};
			name = Release;
		};
/* End XCBuildConfiguration section */

/* Begin XCConfigurationList section */
		3052FBCF270BA1D500A5FBDA /* Build configuration list for PBXProject "3ViewName" */ = {
			isa = XCConfigurationList;
			buildConfigurations = (
				3052FBE6270BA1D600A5FBDA /* Debug */,
				3052FBE7270BA1D600A5FBDA /* Release */,
			);
			defaultConfigurationIsVisible = 0;
			defaultConfigurationName = Release;
		};
		3052FBE8270BA1D600A5FBDA /* Build configuration list for PBXNativeTarget "3ViewName" */ = {
			isa = XCConfigurationList;
			buildConfigurations = (
				3052FBE9270BA1D600A5FBDA /* Debug */,
				3052FBEA270BA1D600A5FBDA /* Release */,
			);
			defaultConfigurationIsVisible = 0;
			defaultConfigurationName = Release;
		};
/* End XCConfigurationList section */
	};
	rootObject = 3052FBCC270BA1D500A5FBDA /* Project object */;
}
